
Microsoft Visual Studio Solution File, Format Version 12.00
# Visual Studio 2012
Project("{FAE04EC0-301F-11D3-BF4B-00C04F79EFBC}") = "SistemaSeguridad.DA", "SistemaSeguridad.DA\SistemaSeguridad.DA.csproj", "{674E5960-329E-4DDA-8147-4B17633A5E8F}"
EndProject
Project("{FAE04EC0-301F-11D3-BF4B-00C04F79EFBC}") = "SistemaSeguridad.APP", "SistemaSeguridad.APP\SistemaSeguridad.APP.csproj", "{E231D896-F370-4237-95EC-942F40A96B8C}"
EndProject
Project("{FAE04EC0-301F-11D3-BF4B-00C04F79EFBC}") = "SistemaSeguridad.BL", "SistemaSeguridad.BL\SistemaSeguridad.BL.csproj", "{6146D4E6-1A61-4A5F-84FF-1393A884CF39}"
EndProject
Project("{FAE04EC0-301F-11D3-BF4B-00C04F79EFBC}") = "SistemaSeguridad.BE", "SistemaSeguridad.BE\SistemaSeguridad.BE.csproj", "{5B765D87-AFD2-48BD-95B1-05279CE14B08}"
EndProject
Global
	GlobalSection(SolutionConfigurationPlatforms) = preSolution
		Debug|Any CPU = Debug|Any CPU
		Release|Any CPU = Release|Any CPU
	EndGlobalSection
	GlobalSection(ProjectConfigurationPlatforms) = postSolution
		{674E5960-329E-4DDA-8147-4B17633A5E8F}.Debug|Any CPU.ActiveCfg = Debug|Any CPU
		{674E5960-329E-4DDA-8147-4B17633A5E8F}.Debug|Any CPU.Build.0 = Debug|Any CPU
		{674E5960-329E-4DDA-8147-4B17633A5E8F}.Release|Any CPU.ActiveCfg = Release|Any CPU
		{674E5960-329E-4DDA-8147-4B17633A5E8F}.Release|Any CPU.Build.0 = Release|Any CPU
		{E231D896-F370-4237-95EC-942F40A96B8C}.Debug|Any CPU.ActiveCfg = Debug|Any CPU
		{E231D896-F370-4237-95EC-942F40A96B8C}.Debug|Any CPU.Build.0 = Debug|Any CPU
		{E231D896-F370-4237-95EC-942F40A96B8C}.Release|Any CPU.ActiveCfg = Release|Any CPU
		{E231D896-F370-4237-95EC-942F40A96B8C}.Release|Any CPU.Build.0 = Release|Any CPU
		{6146D4E6-1A61-4A5F-84FF-1393A884CF39}.Debug|Any CPU.ActiveCfg = Debug|Any CPU
		{6146D4E6-1A61-4A5F-84FF-1393A884CF39}.Debug|Any CPU.Build.0 = Debug|Any CPU
		{6146D4E6-1A61-4A5F-84FF-1393A884CF39}.Release|Any CPU.ActiveCfg = Release|Any CPU
		{6146D4E6-1A61-4A5F-84FF-1393A884CF39}.Release|Any CPU.Build.0 = Release|Any CPU
		{5B765D87-AFD2-48BD-95B1-05279CE14B08}.Debug|Any CPU.ActiveCfg = Debug|Any CPU
		{5B765D87-AFD2-48BD-95B1-05279CE14B08}.Debug|Any CPU.Build.0 = Debug|Any CPU
		{5B765D87-AFD2-48BD-95B1-05279CE14B08}.Release|Any CPU.ActiveCfg = Release|Any CPU
		{5B765D87-AFD2-48BD-95B1-05279CE14B08}.Release|Any CPU.Build.0 = Release|Any CPU
	EndGlobalSection
	GlobalSection(SolutionProperties) = preSolution
		HideSolutionNode = FALSE
	EndGlobalSection
EndGlobal
